{
  "name": "algorithms",
  "version": "1.0.0",
  "lockfileVersion": 1,
  "requires": true,
  "dependencies": {
    "bigfloat": {
      "version": "0.1.1",
      "resolved": "https://registry.npmjs.org/bigfloat/-/bigfloat-0.1.1.tgz",
      "integrity": "sha512-kKEqZxc86qgQ6xe8+sN1qQ4XzgksND5QKn6CPrFyQcq/oih+Xk7CaqOD0PKjqar8oO7v4ont5bOHox+LYxD6sQ=="
    },
    "from-exponential": {
      "version": "1.0.0",
      "resolved": "https://registry.npmjs.org/from-exponential/-/from-exponential-1.0.0.tgz",
      "integrity": "sha512-lr7d141V95FOV+W9B2f4D5gNM2Tm6Qk5GOBGwr6ZukwhpWHldqJw30xI+UkVBYi1cQu3afLQQD9QEgxpehT9wg=="
    }
  }
}
